
Microsoft Visual Studio Solution File, Format Version 12.00
# Visual Studio Version 17
VisualStudioVersion = 17.7.34024.191
MinimumVisualStudioVersion = 10.0.40219.1
Project("{FAE04EC0-301F-11D3-BF4B-00C04F79EFBC}") = "IoniserTester", "IoniserTester\IoniserTester.csproj", "{59DBF28C-9B2E-45C2-92D7-8438DC5AE7EA}"
EndProject
Global
	GlobalSection(SolutionConfigurationPlatforms) = preSolution
		Debug|Any CPU = Debug|Any CPU
		Release|Any CPU = Release|Any CPU
	EndGlobalSection
	GlobalSection(ProjectConfigurationPlatforms) = postSolution
		{59DBF28C-9B2E-45C2-92D7-8438DC5AE7EA}.Debug|Any CPU.ActiveCfg = Debug|Any CPU
		{59DBF28C-9B2E-45C2-92D7-8438DC5AE7EA}.Debug|Any CPU.Build.0 = Debug|Any CPU
		{59DBF28C-9B2E-45C2-92D7-8438DC5AE7EA}.Release|Any CPU.ActiveCfg = Release|Any CPU
		{59DBF28C-9B2E-45C2-92D7-8438DC5AE7EA}.Release|Any CPU.Build.0 = Release|Any CPU
	EndGlobalSection
	GlobalSection(SolutionProperties) = preSolution
		HideSolutionNode = FALSE
	EndGlobalSection
	GlobalSection(ExtensibilityGlobals) = postSolution
		SolutionGuid = {53801B4E-2DE8-45D7-83CD-3CAA8E6117FC}
	EndGlobalSection
EndGlobal
